Arpeggio==1.10.1
certifi==2020.12.5
fasm @ git+https://github.com/symbiflow/fasm@3b6ce8a743ea54948e3a3401fdfabfbf927424bc
prjxray @ git+git://github.com/SymbiFlow/prjxray.git@291d9b91d39dd460b1a34a74125ffc4796fd9a1f
python-constraint==1.4.0
textX==2.3.0
xc-fasm @ git+https://github.com/symbiflow/xc-fasm@e12f31334e96fedf3af86d13cf51f70ad2270f5f


