# This file may be used to create an environment using:
# $ conda create --name <env> --file <this file>
# platform: linux-64
@EXPLICIT
https://conda.anaconda.org/conda-forge/linux-64/_libgcc_mutex-0.1-conda_forge.tar.bz2
https://conda.anaconda.org/conda-forge/linux-64/ca-certificates-2020.12.5-ha878542_0.tar.bz2
https://conda.anaconda.org/conda-forge/linux-64/ld_impl_linux-64-2.35.1-hea4e1c9_1.tar.bz2
https://conda.anaconda.org/conda-forge/linux-64/libstdcxx-ng-9.3.0-h2ae2ef3_17.tar.bz2
https://conda.anaconda.org/conda-forge/linux-64/libgomp-9.3.0-h5dbcf3e_17.tar.bz2
https://conda.anaconda.org/conda-forge/linux-64/_openmp_mutex-4.5-1_gnu.tar.bz2
https://conda.anaconda.org/conda-forge/linux-64/libgcc-ng-9.3.0-h5dbcf3e_17.tar.bz2
https://conda.anaconda.org/conda-forge/linux-64/c-ares-1.17.1-h36c2ea0_0.tar.bz2
https://conda.anaconda.org/conda-forge/linux-64/coreutils-8.31-h516909a_0.tar.bz2
https://conda.anaconda.org/conda-forge/linux-64/expat-2.2.9-he1b5a44_2.tar.bz2
https://conda.anaconda.org/conda-forge/linux-64/icu-67.1-he1b5a44_0.tar.bz2
https://conda.anaconda.org/conda-forge/linux-64/libev-4.33-h516909a_1.tar.bz2
https://conda.anaconda.org/conda-forge/linux-64/libffi-3.3-h58526e2_2.tar.bz2
https://conda.anaconda.org/conda-forge/linux-64/libiconv-1.16-h516909a_0.tar.bz2
https://conda.anaconda.org/conda-forge/linux-64/make-4.3-hd18ef5c_1.tar.bz2
https://conda.anaconda.org/conda-forge/linux-64/ncurses-6.2-h58526e2_4.tar.bz2
https://conda.anaconda.org/conda-forge/linux-64/openssl-1.1.1i-h7f98852_0.tar.bz2
https://conda.anaconda.org/conda-forge/linux-64/pcre-8.44-he1b5a44_0.tar.bz2
https://conda.anaconda.org/conda-forge/linux-64/perl-5.32.0-h36c2ea0_0.tar.bz2
https://conda.anaconda.org/conda-forge/linux-64/tbb-2020.2-h4bd325d_1.tar.bz2
https://conda.anaconda.org/conda-forge/linux-64/xz-5.2.5-h516909a_1.tar.bz2
https://conda.anaconda.org/conda-forge/linux-64/zlib-1.2.11-h516909a_1010.tar.bz2
https://conda.anaconda.org/conda-forge/linux-64/gettext-0.19.8.1-h0b5b191_1005.tar.bz2
https://conda.anaconda.org/conda-forge/linux-64/libedit-3.1.20191231-he28a2e2_2.tar.bz2
https://conda.anaconda.org/conda-forge/linux-64/libnghttp2-1.41.0-h8cfc5f6_2.tar.bz2
https://conda.anaconda.org/conda-forge/linux-64/libssh2-1.9.0-hab1572f_5.tar.bz2
https://conda.anaconda.org/conda-forge/linux-64/libxml2-2.9.10-h68273f3_2.tar.bz2
https://conda.anaconda.org/conda-forge/linux-64/readline-8.0-he28a2e2_2.tar.bz2
https://conda.anaconda.org/litex-hub/linux-64/symbiflow-vtr-8.0.0rc2_4003_g8980e4621-20200902_114536.tar.bz2
https://conda.anaconda.org/conda-forge/linux-64/tk-8.6.10-h21135ba_1.tar.bz2
https://conda.anaconda.org/conda-forge/linux-64/krb5-1.17.2-h926e7f8_0.tar.bz2
https://conda.anaconda.org/conda-forge/linux-64/libxslt-1.1.33-h572872d_1.tar.bz2
https://conda.anaconda.org/litex-hub/linux-64/quicklogic-vtr-v8.0.0.rc2_4003_g8980e4621-20200902_114536.tar.bz2
https://conda.anaconda.org/conda-forge/linux-64/sqlite-3.34.0-h74cdb3f_0.tar.bz2
https://conda.anaconda.org/conda-forge/linux-64/libcurl-7.71.1-hcdd3856_8.tar.bz2
https://conda.anaconda.org/conda-forge/linux-64/python-3.7.9-hffdb5ce_0_cpython.tar.bz2
https://conda.anaconda.org/conda-forge/linux-64/curl-7.71.1-he644dc0_8.tar.bz2
https://conda.anaconda.org/conda-forge/linux-64/python_abi-3.7-1_cp37m.tar.bz2
https://conda.anaconda.org/litex-hub/linux-64/quicklogic-yosys-0.8.0_0021_g5eaf370c-20201120_145821.tar.bz2
https://conda.anaconda.org/conda-forge/noarch/sortedcontainers-2.3.0-pyhd8ed1ab_0.tar.bz2
https://conda.anaconda.org/conda-forge/noarch/wheel-0.36.2-pyhd3deb0d_0.tar.bz2
https://conda.anaconda.org/conda-forge/linux-64/certifi-2020.12.5-py37h89c1867_0.tar.bz2
https://conda.anaconda.org/conda-forge/linux-64/git-2.29.2-pl5320h78be0e9_1.tar.bz2
https://conda.anaconda.org/conda-forge/noarch/intervaltree-3.0.2-py_0.tar.bz2
https://conda.anaconda.org/conda-forge/linux-64/lxml-4.6.2-py37h77fd288_0.tar.bz2
https://conda.anaconda.org/litex-hub/linux-64/quicklogic-yosys-plugins-1.2.0_0009_g9ab211c-20201120_145821.tar.bz2
https://conda.anaconda.org/conda-forge/linux-64/simplejson-3.17.2-py37h5e8e339_1.tar.bz2
https://conda.anaconda.org/conda-forge/linux-64/util-linux-2.36-py37hce60a50_0.tar.bz2
https://conda.anaconda.org/conda-forge/linux-64/setuptools-49.6.0-py37he5f6b98_2.tar.bz2
https://conda.anaconda.org/conda-forge/noarch/pip-20.3.2-pyhd8ed1ab_0.tar.bz2
