Arpeggio==1.10.1
certifi==2020.12.5
fasm @ git+https://github.com/symbiflow/fasm@3b6ce8a743ea54948e3a3401fdfabfbf927424bc
fasm-utils @ git+https://github.com/QuickLogic-Corp/quicklogic-fasm-utils@83c867e3269e1186b9bcd71767bb810c82b3905d
intervaltree==3.0.2
python-constraint==1.4.0
quicklogic-fasm @ git+https://github.com/QuickLogic-Corp/quicklogic-fasm@2312ff03d5690449a597e565430764a162d452b7
textX==2.3.0


